
Microsoft Visual Studio Solution File, Format Version 12.00
# Visual Studio Version 16
VisualStudioVersion = 25.0.1706.14
MinimumVisualStudioVersion = 10.0.40219.1
Project("{FAE04EC0-301F-11D3-BF4B-00C04F79EFBC}") = "Quiz Front End", "Quiz Front End\Quiz Front End.csproj", "{BEF42854-3761-43F7-8CBA-9748B6F88C3E}"
EndProject
Global
	GlobalSection(SolutionConfigurationPlatforms) = preSolution
		Debug|Any CPU = Debug|Any CPU
		Release|Any CPU = Release|Any CPU
	EndGlobalSection
	GlobalSection(ProjectConfigurationPlatforms) = postSolution
		{BEF42854-3761-43F7-8CBA-9748B6F88C3E}.Debug|Any CPU.ActiveCfg = Debug|Any CPU
		{BEF42854-3761-43F7-8CBA-9748B6F88C3E}.Debug|Any CPU.Build.0 = Debug|Any CPU
		{BEF42854-3761-43F7-8CBA-9748B6F88C3E}.Release|Any CPU.ActiveCfg = Release|Any CPU
		{BEF42854-3761-43F7-8CBA-9748B6F88C3E}.Release|Any CPU.Build.0 = Release|Any CPU
	EndGlobalSection
	GlobalSection(SolutionProperties) = preSolution
		HideSolutionNode = FALSE
	EndGlobalSection
	GlobalSection(ExtensibilityGlobals) = postSolution
		SolutionGuid = {6AAFBC73-4D95-4A4B-97A2-BD6F210B6DBF}
	EndGlobalSection
EndGlobal
